
Microsoft Visual Studio Solution File, Format Version 12.00
# Visual Studio Version 16
VisualStudioVersion = 16.0.29926.136
MinimumVisualStudioVersion = 10.0.40219.1
Project("{9A19103F-16F7-4668-BE54-9A1E7A4F7556}") = "CSC4151-ChoreService", "CSC4151-ChoreService.csproj", "{B6E6C288-584B-44E2-97A7-C321FCDFFB69}"
EndProject
Project("{9A19103F-16F7-4668-BE54-9A1E7A4F7556}") = "Common", "..\Common\Common.csproj", "{3D4BDC44-467A-43F4-8E13-FE1C87B26DB7}"
EndProject
Project("{9A19103F-16F7-4668-BE54-9A1E7A4F7556}") = "Domain", "..\Domain\Domain.csproj", "{A3530C8E-AE3F-4470-9FDB-DCFEBD5F6D28}"
EndProject
Project("{FAE04EC0-301F-11D3-BF4B-00C04F79EFBC}") = "ChoreServiceTests", "..\ChoreServiceTests\ChoreServiceTests.csproj", "{AD332A51-6FC4-4962-9D61-DDA619A590C0}"
EndProject
Global
	GlobalSection(SolutionConfigurationPlatforms) = preSolution
		Debug|Any CPU = Debug|Any CPU
		Release|Any CPU = Release|Any CPU
	EndGlobalSection
	GlobalSection(ProjectConfigurationPlatforms) = postSolution
		{B6E6C288-584B-44E2-97A7-C321FCDFFB69}.Debug|Any CPU.ActiveCfg = Debug|Any CPU
		{B6E6C288-584B-44E2-97A7-C321FCDFFB69}.Debug|Any CPU.Build.0 = Debug|Any CPU
		{B6E6C288-584B-44E2-97A7-C321FCDFFB69}.Release|Any CPU.ActiveCfg = Release|Any CPU
		{B6E6C288-584B-44E2-97A7-C321FCDFFB69}.Release|Any CPU.Build.0 = Release|Any CPU
		{3D4BDC44-467A-43F4-8E13-FE1C87B26DB7}.Debug|Any CPU.ActiveCfg = Debug|Any CPU
		{3D4BDC44-467A-43F4-8E13-FE1C87B26DB7}.Debug|Any CPU.Build.0 = Debug|Any CPU
		{3D4BDC44-467A-43F4-8E13-FE1C87B26DB7}.Release|Any CPU.ActiveCfg = Release|Any CPU
		{3D4BDC44-467A-43F4-8E13-FE1C87B26DB7}.Release|Any CPU.Build.0 = Release|Any CPU
		{A3530C8E-AE3F-4470-9FDB-DCFEBD5F6D28}.Debug|Any CPU.ActiveCfg = Debug|Any CPU
		{A3530C8E-AE3F-4470-9FDB-DCFEBD5F6D28}.Debug|Any CPU.Build.0 = Debug|Any CPU
		{A3530C8E-AE3F-4470-9FDB-DCFEBD5F6D28}.Release|Any CPU.ActiveCfg = Release|Any CPU
		{A3530C8E-AE3F-4470-9FDB-DCFEBD5F6D28}.Release|Any CPU.Build.0 = Release|Any CPU
		{AD332A51-6FC4-4962-9D61-DDA619A590C0}.Debug|Any CPU.ActiveCfg = Debug|Any CPU
		{AD332A51-6FC4-4962-9D61-DDA619A590C0}.Debug|Any CPU.Build.0 = Debug|Any CPU
		{AD332A51-6FC4-4962-9D61-DDA619A590C0}.Release|Any CPU.ActiveCfg = Release|Any CPU
		{AD332A51-6FC4-4962-9D61-DDA619A590C0}.Release|Any CPU.Build.0 = Release|Any CPU
	EndGlobalSection
	GlobalSection(SolutionProperties) = preSolution
		HideSolutionNode = FALSE
	EndGlobalSection
	GlobalSection(ExtensibilityGlobals) = postSolution
		SolutionGuid = {25541500-6F01-4A64-87A7-3C80157A3115}
	EndGlobalSection
EndGlobal
